
Microsoft Visual Studio Solution File, Format Version 12.00
# Visual Studio 15
VisualStudioVersion = 15.0.28010.2003
MinimumVisualStudioVersion = 10.0.40219.1
Project("{FAE04EC0-301F-11D3-BF4B-00C04F79EFBC}") = "AlexaComp", "AlexaComp\AlexaComp.csproj", "{B8379353-325F-4858-9E4A-0E9FD4357872}"
EndProject
Project("{54435603-DBB4-11D2-8724-00A0C9A8B90C}") = "AlexaCompSetup", "Setup1\Setup1.vdproj", "{AB756815-874D-4CD4-B2D7-CFF52439AE7A}"
EndProject
Global
	GlobalSection(SolutionConfigurationPlatforms) = preSolution
		Debug|Any CPU = Debug|Any CPU
		Release|Any CPU = Release|Any CPU
	EndGlobalSection
	GlobalSection(ProjectConfigurationPlatforms) = postSolution
		{B8379353-325F-4858-9E4A-0E9FD4357872}.Debug|Any CPU.ActiveCfg = Debug|Any CPU
		{B8379353-325F-4858-9E4A-0E9FD4357872}.Debug|Any CPU.Build.0 = Debug|Any CPU
		{B8379353-325F-4858-9E4A-0E9FD4357872}.Release|Any CPU.ActiveCfg = Release|Any CPU
		{B8379353-325F-4858-9E4A-0E9FD4357872}.Release|Any CPU.Build.0 = Release|Any CPU
		{AB756815-874D-4CD4-B2D7-CFF52439AE7A}.Debug|Any CPU.ActiveCfg = Debug
		{AB756815-874D-4CD4-B2D7-CFF52439AE7A}.Release|Any CPU.ActiveCfg = Release
	EndGlobalSection
	GlobalSection(SolutionProperties) = preSolution
		HideSolutionNode = FALSE
	EndGlobalSection
	GlobalSection(ExtensibilityGlobals) = postSolution
		SolutionGuid = {08405F79-21B5-45CE-B1FA-7E0C624841A1}
	EndGlobalSection
EndGlobal
